// !$*UTF8*$!
{
	archiveVersion = 1;
	classes = {
	};
	objectVersion = 50;
	objects = {

/* Begin PBXBuildFile section */
		4B10142D2141AC5A00E0E65C /* AppDelegate.swift in Sources */ = {isa = PBXBuildFile; fileRef = 4B10142C2141AC5A00E0E65C /* AppDelegate.swift */; };
		4B10142F2141AC5A00E0E65C /* ViewController.swift in Sources */ = {isa = PBXBuildFile; fileRef = 4B10142E2141AC5A00E0E65C /* ViewController.swift */; };
		4B1014322141AC5A00E0E65C /* Main.storyboard in Resources */ = {isa = PBXBuildFile; fileRef = 4B1014302141AC5A00E0E65C /* Main.storyboard */; };
		4B1014342141AC5C00E0E65C /* Assets.xcassets in Resources */ = {isa = PBXBuildFile; fileRef = 4B1014332141AC5C00E0E65C /* Assets.xcassets */; };
		4B1014372141AC5C00E0E65C /* LaunchScreen.storyboard in Resources */ = {isa = PBXBuildFile; fileRef = 4B1014352141AC5C00E0E65C /* LaunchScreen.storyboard */; };
		4B1014402141AD7F00E0E65C /* PlayingCard.swift in Sources */ = {isa = PBXBuildFile; fileRef = 4B10143F2141AD7F00E0E65C /* PlayingCard.swift */; };
		4B1014422141B35700E0E65C /* PlayingCardDeck.swift in Sources */ = {isa = PBXBuildFile; fileRef = 4B1014412141B35700E0E65C /* PlayingCardDeck.swift */; };
		4B71B6062148248600594EE4 /* PlayingCardView.swift in Sources */ = {isa = PBXBuildFile; fileRef = 4B71B6052148248600594EE4 /* PlayingCardView.swift */; };
/* End PBXBuildFile section */

/* Begin PBXFileReference section */
		4B1014292141AC5A00E0E65C /* Playingcard.app */ = {isa = PBXFileReference; explicitFileType = wrapper.application; includeInIndex = 0; path = Playingcard.app; sourceTree = BUILT_PRODUCTS_DIR; };
		4B10142C2141AC5A00E0E65C /* AppDelegate.swift */ = {isa = PBXFileReference; lastKnownFileType = sourcecode.swift; path = AppDelegate.swift; sourceTree = "<group>"; };
		4B10142E2141AC5A00E0E65C /* ViewController.swift */ = {isa = PBXFileReference; lastKnownFileType = sourcecode.swift; path = ViewController.swift; sourceTree = "<group>"; };
		4B1014312141AC5A00E0E65C /* Base */ = {isa = PBXFileReference; lastKnownFileType = file.storyboard; name = Base; path = Base.lproj/Main.storyboard; sourceTree = "<group>"; };
		4B1014332141AC5C00E0E65C /* Assets.xcassets */ = {isa = PBXFileReference; lastKnownFileType = folder.assetcatalog; path = Assets.xcassets; sourceTree = "<group>"; };
		4B1014362141AC5C00E0E65C /* Base */ = {isa = PBXFileReference; lastKnownFileType = file.storyboard; name = Base; path = Base.lproj/LaunchScreen.storyboard; sourceTree = "<group>"; };
		4B1014382141AC5C00E0E65C /* Info.plist */ = {isa = PBXFileReference; lastKnownFileType = text.plist.xml; path = Info.plist; sourceTree = "<group>"; };
		4B10143F2141AD7F00E0E65C /* PlayingCard.swift */ = {isa = PBXFileReference; lastKnownFileType = sourcecode.swift; path = PlayingCard.swift; sourceTree = "<group>"; };
		4B1014412141B35700E0E65C /* PlayingCardDeck.swift */ = {isa = PBXFileReference; lastKnownFileType = sourcecode.swift; path = PlayingCardDeck.swift; sourceTree = "<group>"; };
		4B71B6052148248600594EE4 /* PlayingCardView.swift */ = {isa = PBXFileReference; lastKnownFileType = sourcecode.swift; path = PlayingCardView.swift; sourceTree = "<group>"; };
/* End PBXFileReference section */

/* Begin PBXFrameworksBuildPhase section */
		4B1014262141AC5A00E0E65C /* Frameworks */ = {
			isa = PBXFrameworksBuildPhase;
			buildActionMask = 2147483647;
			files = (
			);
			runOnlyForDeploymentPostprocessing = 0;
		};
/* End PBXFrameworksBuildPhase section */

/* Begin PBXGroup section */
		4B1014202141AC5A00E0E65C = {
			isa = PBXGroup;
			children = (
				4B10142B2141AC5A00E0E65C /* Playingcard */,
				4B10142A2141AC5A00E0E65C /* Products */,
			);
			sourceTree = "<group>";
		};
		4B10142A2141AC5A00E0E65C /* Products */ = {
			isa = PBXGroup;
			children = (
				4B1014292141AC5A00E0E65C /* Playingcard.app */,
			);
			name = Products;
			sourceTree = "<group>";
		};
		4B10142B2141AC5A00E0E65C /* Playingcard */ = {
			isa = PBXGroup;
			children = (
				4B10142E2141AC5A00E0E65C /* ViewController.swift */,
				4B71B6052148248600594EE4 /* PlayingCardView.swift */,
				4B10143F2141AD7F00E0E65C /* PlayingCard.swift */,
				4B1014412141B35700E0E65C /* PlayingCardDeck.swift */,
				4B1014302141AC5A00E0E65C /* Main.storyboard */,
				4B1014332141AC5C00E0E65C /* Assets.xcassets */,
				4B10143E2141AC8000E0E65C /* Supporting Files */,
				4B1014382141AC5C00E0E65C /* Info.plist */,
			);
			path = Playingcard;
			sourceTree = "<group>";
		};
		4B10143E2141AC8000E0E65C /* Supporting Files */ = {
			isa = PBXGroup;
			children = (
				4B10142C2141AC5A00E0E65C /* AppDelegate.swift */,
				4B1014352141AC5C00E0E65C /* LaunchScreen.storyboard */,
			);
			path = "Supporting Files";
			sourceTree = "<group>";
		};
/* End PBXGroup section */

/* Begin PBXNativeTarget section */
		4B1014282141AC5A00E0E65C /* Playingcard */ = {
			isa = PBXNativeTarget;
			buildConfigurationList = 4B10143B2141AC5C00E0E65C /* Build configuration list for PBXNativeTarget "Playingcard" */;
			buildPhases = (
				4B1014252141AC5A00E0E65C /* Sources */,
				4B1014262141AC5A00E0E65C /* Frameworks */,
				4B1014272141AC5A00E0E65C /* Resources */,
			);
			buildRules = (
			);
			dependencies = (
			);
			name = Playingcard;
			productName = Playingcard;
			productReference = 4B1014292141AC5A00E0E65C /* Playingcard.app */;
			productType = "com.apple.product-type.application";
		};
/* End PBXNativeTarget section */

/* Begin PBXProject section */
		4B1014212141AC5A00E0E65C /* Project object */ = {
			isa = PBXProject;
			attributes = {
				LastSwiftUpdateCheck = 0940;
				LastUpgradeCheck = 0940;
				ORGANIZATIONNAME = "Thai Nguyen";
				TargetAttributes = {
					4B1014282141AC5A00E0E65C = {
						CreatedOnToolsVersion = 9.4.1;
					};
				};
			};
			buildConfigurationList = 4B1014242141AC5A00E0E65C /* Build configuration list for PBXProject "Playingcard" */;
			compatibilityVersion = "Xcode 9.3";
			developmentRegion = en;
			hasScannedForEncodings = 0;
			knownRegions = (
				en,
				Base,
			);
			mainGroup = 4B1014202141AC5A00E0E65C;
			productRefGroup = 4B10142A2141AC5A00E0E65C /* Products */;
			projectDirPath = "";
			projectRoot = "";
			targets = (
				4B1014282141AC5A00E0E65C /* Playingcard */,
			);
		};
/* End PBXProject section */

/* Begin PBXResourcesBuildPhase section */
		4B1014272141AC5A00E0E65C /* Resources */ = {
			isa = PBXResourcesBuildPhase;
			buildActionMask = 2147483647;
			files = (
				4B1014372141AC5C00E0E65C /* LaunchScreen.storyboard in Resources */,
				4B1014342141AC5C00E0E65C /* Assets.xcassets in Resources */,
				4B1014322141AC5A00E0E65C /* Main.storyboard in Resources */,
			);
			runOnlyForDeploymentPostprocessing = 0;
		};
/* End PBXResourcesBuildPhase section */

/* Begin PBXSourcesBuildPhase section */
		4B1014252141AC5A00E0E65C /* Sources */ = {
			isa = PBXSourcesBuildPhase;
			buildActionMask = 2147483647;
			files = (
				4B10142F2141AC5A00E0E65C /* ViewController.swift in Sources */,
				4B1014422141B35700E0E65C /* PlayingCardDeck.swift in Sources */,
				4B1014402141AD7F00E0E65C /* PlayingCard.swift in Sources */,
				4B71B6062148248600594EE4 /* PlayingCardView.swift in Sources */,
				4B10142D2141AC5A00E0E65C /* AppDelegate.swift in Sources */,
			);
			runOnlyForDeploymentPostprocessing = 0;
		};
/* End PBXSourcesBuildPhase section */

/* Begin PBXVariantGroup section */
		4B1014302141AC5A00E0E65C /* Main.storyboard */ = {
			isa = PBXVariantGroup;
			children = (
				4B1014312141AC5A00E0E65C /* Base */,
			);
			name = Main.storyboard;
			sourceTree = "<group>";
		};
		4B1014352141AC5C00E0E65C /* LaunchScreen.storyboard */ = {
			isa = PBXVariantGroup;
			children = (
				4B1014362141AC5C00E0E65C /* Base */,
			);
			name = LaunchScreen.storyboard;
			sourceTree = "<group>";
		};
/* End PBXVariantGroup section */

/* Begin XCBuildConfiguration section */
		4B1014392141AC5C00E0E65C /* Debug */ = {
			isa = XCBuildConfiguration;
			buildSettings = {
				ALWAYS_SEARCH_USER_PATHS = NO;
				CLANG_ANALYZER_NONNULL = YES;
				CLANG_ANALYZER_NUMBER_OBJECT_CONVERSION = YES_AGGRESSIVE;
				CLANG_CXX_LANGUAGE_STANDARD = "gnu++14";
				CLANG_CXX_LIBRARY = "libc++";
				CLANG_ENABLE_MODULES = YES;
				CLANG_ENABLE_OBJC_ARC = YES;
				CLANG_ENABLE_OBJC_WEAK = YES;
				CLANG_WARN_BLOCK_CAPTURE_AUTORELEASING = YES;
				CLANG_WARN_BOOL_CONVERSION = YES;
				CLANG_WARN_COMMA = YES;
				CLANG_WARN_CONSTANT_CONVERSION = YES;
				CLANG_WARN_DEPRECATED_OBJC_IMPLEMENTATIONS = YES;
				CLANG_WARN_DIRECT_OBJC_ISA_USAGE = YES_ERROR;
				CLANG_WARN_DOCUMENTATION_COMMENTS = YES;
				CLANG_WARN_EMPTY_BODY = YES;
				CLANG_WARN_ENUM_CONVERSION = YES;
				CLANG_WARN_INFINITE_RECURSION = YES;
				CLANG_WARN_INT_CONVERSION = YES;
				CLANG_WARN_NON_LITERAL_NULL_CONVERSION = YES;
				CLANG_WARN_OBJC_IMPLICIT_RETAIN_SELF = YES;
				CLANG_WARN_OBJC_LITERAL_CONVERSION = YES;
				CLANG_WARN_OBJC_ROOT_CLASS = YES_ERROR;
				CLANG_WARN_RANGE_LOOP_ANALYSIS = YES;
				CLANG_WARN_STRICT_PROTOTYPES = YES;
				CLANG_WARN_SUSPICIOUS_MOVE = YES;
				CLANG_WARN_UNGUARDED_AVAILABILITY = YES_AGGRESSIVE;
				CLANG_WARN_UNREACHABLE_CODE = YES;
				CLANG_WARN__DUPLICATE_METHOD_MATCH = YES;
				CODE_SIGN_IDENTITY = "iPhone Developer";
				COPY_PHASE_STRIP = NO;
				DEBUG_INFORMATION_FORMAT = dwarf;
				ENABLE_STRICT_OBJC_MSGSEND = YES;
				ENABLE_TESTABILITY = YES;
				GCC_C_LANGUAGE_STANDARD = gnu11;
				GCC_DYNAMIC_NO_PIC = NO;
				GCC_NO_COMMON_BLOCKS = YES;
				GCC_OPTIMIZATION_LEVEL = 0;
				GCC_PREPROCESSOR_DEFINITIONS = (
					"DEBUG=1",
					"$(inherited)",
				);
				GCC_WARN_64_TO_32_BIT_CONVERSION = YES;
				GCC_WARN_ABOUT_RETURN_TYPE = YES_ERROR;
				GCC_WARN_UNDECLARED_SELECTOR = YES;
				GCC_WARN_UNINITIALIZED_AUTOS = YES_AGGRESSIVE;
				GCC_WARN_UNUSED_FUNCTION = YES;
				GCC_WARN_UNUSED_VARIABLE = YES;
				IPHONEOS_DEPLOYMENT_TARGET = 11.4;
				MTL_ENABLE_DEBUG_INFO = YES;
				ONLY_ACTIVE_ARCH = YES;
				SDKROOT = iphoneos;
				SWIFT_ACTIVE_COMPILATION_CONDITIONS = DEBUG;
				SWIFT_OPTIMIZATION_LEVEL = "-Onone";
			};
			name = Debug;
		};
		4B10143A2141AC5C00E0E65C /* Release */ = {
			isa = XCBuildConfiguration;
			buildSettings = {
				ALWAYS_SEARCH_USER_PATHS = NO;
				CLANG_ANALYZER_NONNULL = YES;
				CLANG_ANALYZER_NUMBER_OBJECT_CONVERSION = YES_AGGRESSIVE;
				CLANG_CXX_LANGUAGE_STANDARD = "gnu++14";
				CLANG_CXX_LIBRARY = "libc++";
				CLANG_ENABLE_MODULES = YES;
				CLANG_ENABLE_OBJC_ARC = YES;
				CLANG_ENABLE_OBJC_WEAK = YES;
				CLANG_WARN_BLOCK_CAPTURE_AUTORELEASING = YES;
				CLANG_WARN_BOOL_CONVERSION = YES;
				CLANG_WARN_COMMA = YES;
				CLANG_WARN_CONSTANT_CONVERSION = YES;
				CLANG_WARN_DEPRECATED_OBJC_IMPLEMENTATIONS = YES;
				CLANG_WARN_DIRECT_OBJC_ISA_USAGE = YES_ERROR;
				CLANG_WARN_DOCUMENTATION_COMMENTS = YES;
				CLANG_WARN_EMPTY_BODY = YES;
				CLANG_WARN_ENUM_CONVERSION = YES;
				CLANG_WARN_INFINITE_RECURSION = YES;
				CLANG_WARN_INT_CONVERSION = YES;
				CLANG_WARN_NON_LITERAL_NULL_CONVERSION = YES;
				CLANG_WARN_OBJC_IMPLICIT_RETAIN_SELF = YES;
				CLANG_WARN_OBJC_LITERAL_CONVERSION = YES;
				CLANG_WARN_OBJC_ROOT_CLASS = YES_ERROR;
				CLANG_WARN_RANGE_LOOP_ANALYSIS = YES;
				CLANG_WARN_STRICT_PROTOTYPES = YES;
				CLANG_WARN_SUSPICIOUS_MOVE = YES;
				CLANG_WARN_UNGUARDED_AVAILABILITY = YES_AGGRESSIVE;
				CLANG_WARN_UNREACHABLE_CODE = YES;
				CLANG_WARN__DUPLICATE_METHOD_MATCH = YES;
				CODE_SIGN_IDENTITY = "iPhone Developer";
				COPY_PHASE_STRIP = NO;
				DEBUG_INFORMATION_FORMAT = "dwarf-with-dsym";
				ENABLE_NS_ASSERTIONS = NO;
				ENABLE_STRICT_OBJC_MSGSEND = YES;
				GCC_C_LANGUAGE_STANDARD = gnu11;
				GCC_NO_COMMON_BLOCKS = YES;
				GCC_WARN_64_TO_32_BIT_CONVERSION = YES;
				GCC_WARN_ABOUT_RETURN_TYPE = YES_ERROR;
				GCC_WARN_UNDECLARED_SELECTOR = YES;
				GCC_WARN_UNINITIALIZED_AUTOS = YES_AGGRESSIVE;
				GCC_WARN_UNUSED_FUNCTION = YES;
				GCC_WARN_UNUSED_VARIABLE = YES;
				IPHONEOS_DEPLOYMENT_TARGET = 11.4;
				MTL_ENABLE_DEBUG_INFO = NO;
				SDKROOT = iphoneos;
				SWIFT_COMPILATION_MODE = wholemodule;
				SWIFT_OPTIMIZATION_LEVEL = "-O";
				VALIDATE_PRODUCT = YES;
			};
			name = Release;
		};
		4B10143C2141AC5C00E0E65C /* Debug */ = {
			isa = XCBuildConfiguration;
			buildSettings = {
				ASSETCATALOG_COMPILER_APPICON_NAME = AppIcon;
				CODE_SIGN_STYLE = Automatic;
				DEVELOPMENT_TEAM = 4EFH9TWN7W;
				INFOPLIST_FILE = Playingcard/Info.plist;
				LD_RUNPATH_SEARCH_PATHS = (
					"$(inherited)",
					"@executable_path/Frameworks",
				);
				PRODUCT_BUNDLE_IDENTIFIER = com.thainguyen.Playingcard;
				PRODUCT_NAME = "$(TARGET_NAME)";
				SWIFT_VERSION = 4.0;
				TARGETED_DEVICE_FAMILY = "1,2";
			};
			name = Debug;
		};
		4B10143D2141AC5C00E0E65C /* Release */ = {
			isa = XCBuildConfiguration;
			buildSettings = {
				ASSETCATALOG_COMPILER_APPICON_NAME = AppIcon;
				CODE_SIGN_STYLE = Automatic;
				DEVELOPMENT_TEAM = 4EFH9TWN7W;
				INFOPLIST_FILE = Playingcard/Info.plist;
				LD_RUNPATH_SEARCH_PATHS = (
					"$(inherited)",
					"@executable_path/Frameworks",
				);
				PRODUCT_BUNDLE_IDENTIFIER = com.thainguyen.Playingcard;
				PRODUCT_NAME = "$(TARGET_NAME)";
				SWIFT_VERSION = 4.0;
				TARGETED_DEVICE_FAMILY = "1,2";
			};
			name = Release;
		};
/* End XCBuildConfiguration section */

/* Begin XCConfigurationList section */
		4B1014242141AC5A00E0E65C /* Build configuration list for PBXProject "Playingcard" */ = {
			isa = XCConfigurationList;
			buildConfigurations = (
				4B1014392141AC5C00E0E65C /* Debug */,
				4B10143A2141AC5C00E0E65C /* Release */,
			);
			defaultConfigurationIsVisible = 0;
			defaultConfigurationName = Release;
		};
		4B10143B2141AC5C00E0E65C /* Build configuration list for PBXNativeTarget "Playingcard" */ = {
			isa = XCConfigurationList;
			buildConfigurations = (
				4B10143C2141AC5C00E0E65C /* Debug */,
				4B10143D2141AC5C00E0E65C /* Release */,
			);
			defaultConfigurationIsVisible = 0;
			defaultConfigurationName = Release;
		};
/* End XCConfigurationList section */
	};
	rootObject = 4B1014212141AC5A00E0E65C /* Project object */;
}
